PODS:
  - Capacitor (2.0.0-beta.0):
    - CapacitorCordova (= 2.0.0-beta.0)
  - CapacitorCordova (2.0.0-beta.0)
  - CordovaPlugins (2.0.0-beta.0):
    - CapacitorCordova

DEPENDENCIES:
  - "Capacitor (from `../../node_modules/@capacitor/ios`)"
  - "CapacitorCordova (from `../../node_modules/@capacitor/ios`)"
  - CordovaPlugins (from `../capacitor-cordova-ios-plugins`)

EXTERNAL SOURCES:
  Capacitor:
    :path: "../../node_modules/@capacitor/ios"
  CapacitorCordova:
    :path: "../../node_modules/@capacitor/ios"
  CordovaPlugins:
    :path: "../capacitor-cordova-ios-plugins"

SPEC CHECKSUMS:
  Capacitor: 01cf9ecc618a1e0cafa1f423f535b29e467c9618
  CapacitorCordova: 4875e9664fcc029e33ebd55e115b5d6db9ebb70a
  CordovaPlugins: 1e3f366334c936f4d5df6dd9f1cc91fc4b0fa778

PODFILE CHECKSUM: 31d8a428413f290e2361b7d3a4bdaa17497bf723

COCOAPODS: 1.7.5
